{
  "name": "droptop",
  "dependencies": {
    "bcrypt": {
      "version": "0.8.7",
      "from": "bcrypt@latest",
      "resolved": "https://registry.npmjs.org/bcrypt/-/bcrypt-0.8.7.tgz"
    },
    "bindings": {
      "version": "1.2.1",
      "from": "bindings@1.2.1",
      "resolved": "https://registry.npmjs.org/bindings/-/bindings-1.2.1.tgz"
    },
    "bootstrap": {
      "version": "4.0.0-alpha.4",
      "from": "bootstrap@>=4.0.0-alpha.2 <5.0.0",
      "resolved": "https://registry.npmjs.org/bootstrap/-/bootstrap-4.0.0-alpha.4.tgz"
    },
    "jquery": {
      "version": "3.1.1",
      "from": "jquery@>=1.9.1 <4.0.0",
      "resolved": "https://registry.npmjs.org/jquery/-/jquery-3.1.1.tgz"
    },
    "moment": {
      "version": "2.14.1",
      "from": "moment@latest",
      "resolved": "https://registry.npmjs.org/moment/-/moment-2.14.1.tgz"
    },
    "nan": {
      "version": "2.3.5",
      "from": "nan@2.3.5",
      "resolved": "https://registry.npmjs.org/nan/-/nan-2.3.5.tgz"
    },
    "sugar": {
      "version": "2.0.1",
      "from": "sugar@latest",
      "resolved": "https://registry.npmjs.org/sugar/-/sugar-2.0.1.tgz"
    },
    "sugar-core": {
      "version": "2.0.0",
      "from": "sugar-core@>=2.0.0 <3.0.0",
      "resolved": "https://registry.npmjs.org/sugar-core/-/sugar-core-2.0.0.tgz"
    },
    "tether": {
      "version": "1.3.7",
      "from": "tether@>=1.1.1 <2.0.0",
      "resolved": "https://registry.npmjs.org/tether/-/tether-1.3.7.tgz"
    }
  }
}
